
Microsoft Visual Studio Solution File, Format Version 12.00
# Visual Studio 15
VisualStudioVersion = 15.0.27703.2026
MinimumVisualStudioVersion = 10.0.40219.1
Project("{FAE04EC0-301F-11D3-BF4B-00C04F79EFBC}") = "Coleccione", "Coleccione\Coleccione.csproj", "{ACF7C28E-3AF8-4E14-92A5-758DB17F4A69}"
EndProject
Global
	GlobalSection(SolutionConfigurationPlatforms) = preSolution
		Debug|Any CPU = Debug|Any CPU
		Release|Any CPU = Release|Any CPU
	EndGlobalSection
	GlobalSection(ProjectConfigurationPlatforms) = postSolution
		{ACF7C28E-3AF8-4E14-92A5-758DB17F4A69}.Debug|Any CPU.ActiveCfg = Debug|Any CPU
		{ACF7C28E-3AF8-4E14-92A5-758DB17F4A69}.Debug|Any CPU.Build.0 = Debug|Any CPU
		{ACF7C28E-3AF8-4E14-92A5-758DB17F4A69}.Release|Any CPU.ActiveCfg = Release|Any CPU
		{ACF7C28E-3AF8-4E14-92A5-758DB17F4A69}.Release|Any CPU.Build.0 = Release|Any CPU
	EndGlobalSection
	GlobalSection(SolutionProperties) = preSolution
		HideSolutionNode = FALSE
	EndGlobalSection
	GlobalSection(ExtensibilityGlobals) = postSolution
		SolutionGuid = {30FCEFB4-A029-4FAA-8EBB-5D917912B6CC}
	EndGlobalSection
EndGlobal
